
Microsoft Visual Studio Solution File, Format Version 12.00
# Visual Studio Version 16
VisualStudioVersion = 16.0.30413.136
MinimumVisualStudioVersion = 10.0.40219.1
Project("{FAE04EC0-301F-11D3-BF4B-00C04F79EFBC}") = "HitboxJSONRefactor", "HitboxJSONRefactor.csproj", "{A95EB48A-54A3-46B5-A154-751A496A20F1}"
EndProject
Global
	GlobalSection(SolutionConfigurationPlatforms) = preSolution
		Debug|Any CPU = Debug|Any CPU
		Release|Any CPU = Release|Any CPU
	EndGlobalSection
	GlobalSection(ProjectConfigurationPlatforms) = postSolution
		{A95EB48A-54A3-46B5-A154-751A496A20F1}.Debug|Any CPU.ActiveCfg = Debug|Any CPU
		{A95EB48A-54A3-46B5-A154-751A496A20F1}.Debug|Any CPU.Build.0 = Debug|Any CPU
		{A95EB48A-54A3-46B5-A154-751A496A20F1}.Release|Any CPU.ActiveCfg = Release|Any CPU
		{A95EB48A-54A3-46B5-A154-751A496A20F1}.Release|Any CPU.Build.0 = Release|Any CPU
	EndGlobalSection
	GlobalSection(SolutionProperties) = preSolution
		HideSolutionNode = FALSE
	EndGlobalSection
	GlobalSection(ExtensibilityGlobals) = postSolution
		SolutionGuid = {3FFB7443-68D9-43D6-B545-35897E0766D6}
	EndGlobalSection
EndGlobal
